
Microsoft Visual Studio Solution File, Format Version 12.00
Project("{FAE04EC0-301F-11D3-BF4B-00C04F79EFBC}") = "Adbliterator", "Adbliterator.csproj", "{954C591C-2783-4CAE-9893-98ED62FAD666}"
EndProject
Global
	GlobalSection(SolutionConfigurationPlatforms) = preSolution
		Debug|Any CPU = Debug|Any CPU
		Release|Any CPU = Release|Any CPU
	EndGlobalSection
	GlobalSection(ProjectConfigurationPlatforms) = postSolution
		{954C591C-2783-4CAE-9893-98ED62FAD666}.Debug|Any CPU.ActiveCfg = Debug|Any CPU
		{954C591C-2783-4CAE-9893-98ED62FAD666}.Debug|Any CPU.Build.0 = Debug|Any CPU
		{954C591C-2783-4CAE-9893-98ED62FAD666}.Release|Any CPU.ActiveCfg = Release|Any CPU
		{954C591C-2783-4CAE-9893-98ED62FAD666}.Release|Any CPU.Build.0 = Release|Any CPU
	EndGlobalSection
EndGlobal
